
Microsoft Visual Studio Solution File, Format Version 12.00
# Visual Studio Version 17
VisualStudioVersion = 17.10.35122.118
MinimumVisualStudioVersion = 10.0.40219.1
Project("{9A19103F-16F7-4668-BE54-9A1E7A4F7556}") = "01_FirstConsoleApp", "FirstConsoleApp\01_FirstConsoleApp.csproj", "{DFCA2695-C913-4714-A451-1AA5F60571AA}"
EndProject
Project("{9A19103F-16F7-4668-BE54-9A1E7A4F7556}") = "02_practical", "02_practical\02_practical.csproj", "{A3ED355A-251D-4719-BED2-AF936516223A}"
EndProject
Project("{9A19103F-16F7-4668-BE54-9A1E7A4F7556}") = "03_logic", "03_logic\03_logic.csproj", "{186DD65B-5DDE-49EB-B2E5-30615E6BCD89}"
EndProject
Project("{9A19103F-16F7-4668-BE54-9A1E7A4F7556}") = "04_switch", "04_switch\04_switch.csproj", "{A1E98159-34B5-4D96-912F-9FDE135B77B5}"
EndProject
Project("{9A19103F-16F7-4668-BE54-9A1E7A4F7556}") = "05_random", "05_random\05_random.csproj", "{EE35DAD0-8BE1-4AEA-865C-D6CC4631AB82}"
EndProject
Project("{9A19103F-16F7-4668-BE54-9A1E7A4F7556}") = "06_loops", "06_loops\06_loops.csproj", "{B39BA965-7879-49B8-9A49-C1A60633ED54}"
EndProject
Project("{9A19103F-16F7-4668-BE54-9A1E7A4F7556}") = "07_arrays", "07_arrays\07_arrays.csproj", "{6BF9BE35-563E-4933-A879-88DB5ACD81EC}"
EndProject
Project("{9A19103F-16F7-4668-BE54-9A1E7A4F7556}") = "08_game_puzzle", "08_game_puzzle\08_game_puzzle.csproj", "{D2FD8010-3A0D-435A-BFC9-A431A7F8A7B1}"
EndProject
Project("{FAE04EC0-301F-11D3-BF4B-00C04F79EFBC}") = "09_checkers", "09_checkers\09_checkers.csproj", "{482C83FE-8C04-4E53-B0F0-AF2DB0E6AC71}"
EndProject
Project("{FAE04EC0-301F-11D3-BF4B-00C04F79EFBC}") = "10_methods", "10_methods\10_methods.csproj", "{3711842E-AA44-4CC0-B326-C3B1102F06CE}"
EndProject
Project("{FAE04EC0-301F-11D3-BF4B-00C04F79EFBC}") = "10_2_methods", "10_2_methods\10_2_methods.csproj", "{99299948-5383-42BB-B091-C72666FFCB5C}"
EndProject
Project("{FAE04EC0-301F-11D3-BF4B-00C04F79EFBC}") = "11_oop", "11_oop\11_oop.csproj", "{D8F53262-E37E-44AB-A70B-19D1E66FE980}"
EndProject
Project("{FAE04EC0-301F-11D3-BF4B-00C04F79EFBC}") = "12_files", "12_files\12_files.csproj", "{9CF0E83A-4F85-409D-BDF7-379875435D96}"
EndProject
Project("{FAE04EC0-301F-11D3-BF4B-00C04F79EFBC}") = "13_summary", "13_summary\13_summary.csproj", "{B756DED1-9657-4193-8AFF-E57933F63C78}"
EndProject
Project("{FAE04EC0-301F-11D3-BF4B-00C04F79EFBC}") = "14_strign", "14_strign\14_strign.csproj", "{773D7B96-5004-485F-9494-CC4798172ABB}"
EndProject
Global
	GlobalSection(SolutionConfigurationPlatforms) = preSolution
		Debug|Any CPU = Debug|Any CPU
		Release|Any CPU = Release|Any CPU
	EndGlobalSection
	GlobalSection(ProjectConfigurationPlatforms) = postSolution
		{DFCA2695-C913-4714-A451-1AA5F60571AA}.Debug|Any CPU.ActiveCfg = Debug|Any CPU
		{DFCA2695-C913-4714-A451-1AA5F60571AA}.Debug|Any CPU.Build.0 = Debug|Any CPU
		{DFCA2695-C913-4714-A451-1AA5F60571AA}.Release|Any CPU.ActiveCfg = Release|Any CPU
		{DFCA2695-C913-4714-A451-1AA5F60571AA}.Release|Any CPU.Build.0 = Release|Any CPU
		{A3ED355A-251D-4719-BED2-AF936516223A}.Debug|Any CPU.ActiveCfg = Debug|Any CPU
		{A3ED355A-251D-4719-BED2-AF936516223A}.Debug|Any CPU.Build.0 = Debug|Any CPU
		{A3ED355A-251D-4719-BED2-AF936516223A}.Release|Any CPU.ActiveCfg = Release|Any CPU
		{A3ED355A-251D-4719-BED2-AF936516223A}.Release|Any CPU.Build.0 = Release|Any CPU
		{186DD65B-5DDE-49EB-B2E5-30615E6BCD89}.Debug|Any CPU.ActiveCfg = Debug|Any CPU
		{186DD65B-5DDE-49EB-B2E5-30615E6BCD89}.Debug|Any CPU.Build.0 = Debug|Any CPU
		{186DD65B-5DDE-49EB-B2E5-30615E6BCD89}.Release|Any CPU.ActiveCfg = Release|Any CPU
		{186DD65B-5DDE-49EB-B2E5-30615E6BCD89}.Release|Any CPU.Build.0 = Release|Any CPU
		{A1E98159-34B5-4D96-912F-9FDE135B77B5}.Debug|Any CPU.ActiveCfg = Debug|Any CPU
		{A1E98159-34B5-4D96-912F-9FDE135B77B5}.Debug|Any CPU.Build.0 = Debug|Any CPU
		{A1E98159-34B5-4D96-912F-9FDE135B77B5}.Release|Any CPU.ActiveCfg = Release|Any CPU
		{A1E98159-34B5-4D96-912F-9FDE135B77B5}.Release|Any CPU.Build.0 = Release|Any CPU
		{EE35DAD0-8BE1-4AEA-865C-D6CC4631AB82}.Debug|Any CPU.ActiveCfg = Debug|Any CPU
		{EE35DAD0-8BE1-4AEA-865C-D6CC4631AB82}.Debug|Any CPU.Build.0 = Debug|Any CPU
		{EE35DAD0-8BE1-4AEA-865C-D6CC4631AB82}.Release|Any CPU.ActiveCfg = Release|Any CPU
		{EE35DAD0-8BE1-4AEA-865C-D6CC4631AB82}.Release|Any CPU.Build.0 = Release|Any CPU
		{B39BA965-7879-49B8-9A49-C1A60633ED54}.Debug|Any CPU.ActiveCfg = Debug|Any CPU
		{B39BA965-7879-49B8-9A49-C1A60633ED54}.Debug|Any CPU.Build.0 = Debug|Any CPU
		{B39BA965-7879-49B8-9A49-C1A60633ED54}.Release|Any CPU.ActiveCfg = Release|Any CPU
		{B39BA965-7879-49B8-9A49-C1A60633ED54}.Release|Any CPU.Build.0 = Release|Any CPU
		{6BF9BE35-563E-4933-A879-88DB5ACD81EC}.Debug|Any CPU.ActiveCfg = Debug|Any CPU
		{6BF9BE35-563E-4933-A879-88DB5ACD81EC}.Debug|Any CPU.Build.0 = Debug|Any CPU
		{6BF9BE35-563E-4933-A879-88DB5ACD81EC}.Release|Any CPU.ActiveCfg = Release|Any CPU
		{6BF9BE35-563E-4933-A879-88DB5ACD81EC}.Release|Any CPU.Build.0 = Release|Any CPU
		{D2FD8010-3A0D-435A-BFC9-A431A7F8A7B1}.Debug|Any CPU.ActiveCfg = Debug|Any CPU
		{D2FD8010-3A0D-435A-BFC9-A431A7F8A7B1}.Debug|Any CPU.Build.0 = Debug|Any CPU
		{D2FD8010-3A0D-435A-BFC9-A431A7F8A7B1}.Release|Any CPU.ActiveCfg = Release|Any CPU
		{D2FD8010-3A0D-435A-BFC9-A431A7F8A7B1}.Release|Any CPU.Build.0 = Release|Any CPU
		{482C83FE-8C04-4E53-B0F0-AF2DB0E6AC71}.Debug|Any CPU.ActiveCfg = Debug|Any CPU
		{482C83FE-8C04-4E53-B0F0-AF2DB0E6AC71}.Debug|Any CPU.Build.0 = Debug|Any CPU
		{482C83FE-8C04-4E53-B0F0-AF2DB0E6AC71}.Release|Any CPU.ActiveCfg = Release|Any CPU
		{482C83FE-8C04-4E53-B0F0-AF2DB0E6AC71}.Release|Any CPU.Build.0 = Release|Any CPU
		{3711842E-AA44-4CC0-B326-C3B1102F06CE}.Debug|Any CPU.ActiveCfg = Debug|Any CPU
		{3711842E-AA44-4CC0-B326-C3B1102F06CE}.Debug|Any CPU.Build.0 = Debug|Any CPU
		{3711842E-AA44-4CC0-B326-C3B1102F06CE}.Release|Any CPU.ActiveCfg = Release|Any CPU
		{3711842E-AA44-4CC0-B326-C3B1102F06CE}.Release|Any CPU.Build.0 = Release|Any CPU
		{99299948-5383-42BB-B091-C72666FFCB5C}.Debug|Any CPU.ActiveCfg = Debug|Any CPU
		{99299948-5383-42BB-B091-C72666FFCB5C}.Debug|Any CPU.Build.0 = Debug|Any CPU
		{99299948-5383-42BB-B091-C72666FFCB5C}.Release|Any CPU.ActiveCfg = Release|Any CPU
		{99299948-5383-42BB-B091-C72666FFCB5C}.Release|Any CPU.Build.0 = Release|Any CPU
		{D8F53262-E37E-44AB-A70B-19D1E66FE980}.Debug|Any CPU.ActiveCfg = Debug|Any CPU
		{D8F53262-E37E-44AB-A70B-19D1E66FE980}.Debug|Any CPU.Build.0 = Debug|Any CPU
		{D8F53262-E37E-44AB-A70B-19D1E66FE980}.Release|Any CPU.ActiveCfg = Release|Any CPU
		{D8F53262-E37E-44AB-A70B-19D1E66FE980}.Release|Any CPU.Build.0 = Release|Any CPU
		{9CF0E83A-4F85-409D-BDF7-379875435D96}.Debug|Any CPU.ActiveCfg = Debug|Any CPU
		{9CF0E83A-4F85-409D-BDF7-379875435D96}.Debug|Any CPU.Build.0 = Debug|Any CPU
		{9CF0E83A-4F85-409D-BDF7-379875435D96}.Release|Any CPU.ActiveCfg = Release|Any CPU
		{9CF0E83A-4F85-409D-BDF7-379875435D96}.Release|Any CPU.Build.0 = Release|Any CPU
		{B756DED1-9657-4193-8AFF-E57933F63C78}.Debug|Any CPU.ActiveCfg = Debug|Any CPU
		{B756DED1-9657-4193-8AFF-E57933F63C78}.Debug|Any CPU.Build.0 = Debug|Any CPU
		{B756DED1-9657-4193-8AFF-E57933F63C78}.Release|Any CPU.ActiveCfg = Release|Any CPU
		{B756DED1-9657-4193-8AFF-E57933F63C78}.Release|Any CPU.Build.0 = Release|Any CPU
		{773D7B96-5004-485F-9494-CC4798172ABB}.Debug|Any CPU.ActiveCfg = Debug|Any CPU
		{773D7B96-5004-485F-9494-CC4798172ABB}.Debug|Any CPU.Build.0 = Debug|Any CPU
		{773D7B96-5004-485F-9494-CC4798172ABB}.Release|Any CPU.ActiveCfg = Release|Any CPU
		{773D7B96-5004-485F-9494-CC4798172ABB}.Release|Any CPU.Build.0 = Release|Any CPU
	EndGlobalSection
	GlobalSection(SolutionProperties) = preSolution
		HideSolutionNode = FALSE
	EndGlobalSection
	GlobalSection(ExtensibilityGlobals) = postSolution
		SolutionGuid = {936E4E25-7A82-408D-A639-A88E23A3A93D}
	EndGlobalSection
EndGlobal
