
Microsoft Visual Studio Solution File, Format Version 12.00
# Visual Studio Version 17
VisualStudioVersion = 17.10.35122.118
MinimumVisualStudioVersion = 10.0.40219.1
Project("{9A19103F-16F7-4668-BE54-9A1E7A4F7556}") = "01_FirstConsoleApp", "FirstConsoleApp\01_FirstConsoleApp.csproj", "{DFCA2695-C913-4714-A451-1AA5F60571AA}"
EndProject
Project("{9A19103F-16F7-4668-BE54-9A1E7A4F7556}") = "02_practical", "02_practical\02_practical.csproj", "{A3ED355A-251D-4719-BED2-AF936516223A}"
EndProject
Project("{9A19103F-16F7-4668-BE54-9A1E7A4F7556}") = "03_logic", "03_logic\03_logic.csproj", "{186DD65B-5DDE-49EB-B2E5-30615E6BCD89}"
EndProject
Project("{9A19103F-16F7-4668-BE54-9A1E7A4F7556}") = "04_switch", "04_switch\04_switch.csproj", "{A1E98159-34B5-4D96-912F-9FDE135B77B5}"
EndProject
Project("{FAE04EC0-301F-11D3-BF4B-00C04F79EFBC}") = "05_random", "05_random\05_random.csproj", "{EE35DAD0-8BE1-4AEA-865C-D6CC4631AB82}"
EndProject
Project("{FAE04EC0-301F-11D3-BF4B-00C04F79EFBC}") = "06_loops", "06_loops\06_loops.csproj", "{B39BA965-7879-49B8-9A49-C1A60633ED54}"
EndProject
Global
	GlobalSection(SolutionConfigurationPlatforms) = preSolution
		Debug|Any CPU = Debug|Any CPU
		Release|Any CPU = Release|Any CPU
	EndGlobalSection
	GlobalSection(ProjectConfigurationPlatforms) = postSolution
		{DFCA2695-C913-4714-A451-1AA5F60571AA}.Debug|Any CPU.ActiveCfg = Debug|Any CPU
		{DFCA2695-C913-4714-A451-1AA5F60571AA}.Debug|Any CPU.Build.0 = Debug|Any CPU
		{DFCA2695-C913-4714-A451-1AA5F60571AA}.Release|Any CPU.ActiveCfg = Release|Any CPU
		{DFCA2695-C913-4714-A451-1AA5F60571AA}.Release|Any CPU.Build.0 = Release|Any CPU
		{A3ED355A-251D-4719-BED2-AF936516223A}.Debug|Any CPU.ActiveCfg = Debug|Any CPU
		{A3ED355A-251D-4719-BED2-AF936516223A}.Debug|Any CPU.Build.0 = Debug|Any CPU
		{A3ED355A-251D-4719-BED2-AF936516223A}.Release|Any CPU.ActiveCfg = Release|Any CPU
		{A3ED355A-251D-4719-BED2-AF936516223A}.Release|Any CPU.Build.0 = Release|Any CPU
		{186DD65B-5DDE-49EB-B2E5-30615E6BCD89}.Debug|Any CPU.ActiveCfg = Debug|Any CPU
		{186DD65B-5DDE-49EB-B2E5-30615E6BCD89}.Debug|Any CPU.Build.0 = Debug|Any CPU
		{186DD65B-5DDE-49EB-B2E5-30615E6BCD89}.Release|Any CPU.ActiveCfg = Release|Any CPU
		{186DD65B-5DDE-49EB-B2E5-30615E6BCD89}.Release|Any CPU.Build.0 = Release|Any CPU
		{A1E98159-34B5-4D96-912F-9FDE135B77B5}.Debug|Any CPU.ActiveCfg = Debug|Any CPU
		{A1E98159-34B5-4D96-912F-9FDE135B77B5}.Debug|Any CPU.Build.0 = Debug|Any CPU
		{A1E98159-34B5-4D96-912F-9FDE135B77B5}.Release|Any CPU.ActiveCfg = Release|Any CPU
		{A1E98159-34B5-4D96-912F-9FDE135B77B5}.Release|Any CPU.Build.0 = Release|Any CPU
		{EE35DAD0-8BE1-4AEA-865C-D6CC4631AB82}.Debug|Any CPU.ActiveCfg = Debug|Any CPU
		{EE35DAD0-8BE1-4AEA-865C-D6CC4631AB82}.Debug|Any CPU.Build.0 = Debug|Any CPU
		{EE35DAD0-8BE1-4AEA-865C-D6CC4631AB82}.Release|Any CPU.ActiveCfg = Release|Any CPU
		{EE35DAD0-8BE1-4AEA-865C-D6CC4631AB82}.Release|Any CPU.Build.0 = Release|Any CPU
		{B39BA965-7879-49B8-9A49-C1A60633ED54}.Debug|Any CPU.ActiveCfg = Debug|Any CPU
		{B39BA965-7879-49B8-9A49-C1A60633ED54}.Debug|Any CPU.Build.0 = Debug|Any CPU
		{B39BA965-7879-49B8-9A49-C1A60633ED54}.Release|Any CPU.ActiveCfg = Release|Any CPU
		{B39BA965-7879-49B8-9A49-C1A60633ED54}.Release|Any CPU.Build.0 = Release|Any CPU
	EndGlobalSection
	GlobalSection(SolutionProperties) = preSolution
		HideSolutionNode = FALSE
	EndGlobalSection
	GlobalSection(ExtensibilityGlobals) = postSolution
		SolutionGuid = {936E4E25-7A82-408D-A639-A88E23A3A93D}
	EndGlobalSection
EndGlobal
